
Microsoft Visual Studio Solution File, Format Version 12.00
# Visual Studio 15
VisualStudioVersion = 15.0.28010.2050
MinimumVisualStudioVersion = 10.0.40219.1
Project("{2150E333-8FDC-42A3-9474-1A3956D46DE8}") = "Services", "Services", "{CF56FA58-7758-4159-8AB8-1E8B8024191B}"
EndProject
Project("{9A19103F-16F7-4668-BE54-9A1E7A4F7556}") = "OrdersService", "Services\OrdersService\OrdersService.csproj", "{5396E7F1-F913-47C4-B600-6640B4E09992}"
EndProject
Project("{2150E333-8FDC-42A3-9474-1A3956D46DE8}") = "UI", "UI", "{4DD35FCD-99F3-4640-9B93-4E2E0035577B}"
EndProject
Project("{9A19103F-16F7-4668-BE54-9A1E7A4F7556}") = "ConsoleClient", "UI\ConsoleClient\ConsoleClient.csproj", "{5F6277F6-741D-4CD6-B1C3-8A7A521661C3}"
EndProject
Project("{FAE04EC0-301F-11D3-BF4B-00C04F79EFBC}") = "InventoryService", "Services\InventoryService\InventoryService.csproj", "{AF9437D5-5BEB-4600-A167-92A2F76CC0D6}"
EndProject
Project("{FAE04EC0-301F-11D3-BF4B-00C04F79EFBC}") = "InventoryService.Messages", "Services\InventoryService.Messages\InventoryService.Messages.csproj", "{944682E2-821F-4964-BC69-1A45CEBF90E5}"
EndProject
Project("{9A19103F-16F7-4668-BE54-9A1E7A4F7556}") = "OrdersService.Messages", "Services\OrdersService.Messages\OrdersService.Messages.csproj", "{EDE69F84-02E6-4967-86B3-34EEF2E017CD}"
EndProject
Project("{FAE04EC0-301F-11D3-BF4B-00C04F79EFBC}") = "Constants", "Common\Constants\Constants.csproj", "{D517DDC0-4562-41C7-B917-E5F22EAF2DB0}"
EndProject
Project("{2150E333-8FDC-42A3-9474-1A3956D46DE8}") = "Constants", "Constants", "{BA477979-6F10-4B17-BE92-5DDB34A2CC3A}"
EndProject
Global
	GlobalSection(SolutionConfigurationPlatforms) = preSolution
		Debug|Any CPU = Debug|Any CPU
		Release|Any CPU = Release|Any CPU
	EndGlobalSection
	GlobalSection(ProjectConfigurationPlatforms) = postSolution
		{5396E7F1-F913-47C4-B600-6640B4E09992}.Debug|Any CPU.ActiveCfg = Debug|Any CPU
		{5396E7F1-F913-47C4-B600-6640B4E09992}.Debug|Any CPU.Build.0 = Debug|Any CPU
		{5396E7F1-F913-47C4-B600-6640B4E09992}.Release|Any CPU.ActiveCfg = Release|Any CPU
		{5396E7F1-F913-47C4-B600-6640B4E09992}.Release|Any CPU.Build.0 = Release|Any CPU
		{5F6277F6-741D-4CD6-B1C3-8A7A521661C3}.Debug|Any CPU.ActiveCfg = Debug|Any CPU
		{5F6277F6-741D-4CD6-B1C3-8A7A521661C3}.Debug|Any CPU.Build.0 = Debug|Any CPU
		{5F6277F6-741D-4CD6-B1C3-8A7A521661C3}.Release|Any CPU.ActiveCfg = Release|Any CPU
		{5F6277F6-741D-4CD6-B1C3-8A7A521661C3}.Release|Any CPU.Build.0 = Release|Any CPU
		{AF9437D5-5BEB-4600-A167-92A2F76CC0D6}.Debug|Any CPU.ActiveCfg = Debug|Any CPU
		{AF9437D5-5BEB-4600-A167-92A2F76CC0D6}.Debug|Any CPU.Build.0 = Debug|Any CPU
		{AF9437D5-5BEB-4600-A167-92A2F76CC0D6}.Release|Any CPU.ActiveCfg = Release|Any CPU
		{AF9437D5-5BEB-4600-A167-92A2F76CC0D6}.Release|Any CPU.Build.0 = Release|Any CPU
		{944682E2-821F-4964-BC69-1A45CEBF90E5}.Debug|Any CPU.ActiveCfg = Debug|Any CPU
		{944682E2-821F-4964-BC69-1A45CEBF90E5}.Debug|Any CPU.Build.0 = Debug|Any CPU
		{944682E2-821F-4964-BC69-1A45CEBF90E5}.Release|Any CPU.ActiveCfg = Release|Any CPU
		{944682E2-821F-4964-BC69-1A45CEBF90E5}.Release|Any CPU.Build.0 = Release|Any CPU
		{EDE69F84-02E6-4967-86B3-34EEF2E017CD}.Debug|Any CPU.ActiveCfg = Debug|Any CPU
		{EDE69F84-02E6-4967-86B3-34EEF2E017CD}.Debug|Any CPU.Build.0 = Debug|Any CPU
		{EDE69F84-02E6-4967-86B3-34EEF2E017CD}.Release|Any CPU.ActiveCfg = Release|Any CPU
		{EDE69F84-02E6-4967-86B3-34EEF2E017CD}.Release|Any CPU.Build.0 = Release|Any CPU
		{D517DDC0-4562-41C7-B917-E5F22EAF2DB0}.Debug|Any CPU.ActiveCfg = Debug|Any CPU
		{D517DDC0-4562-41C7-B917-E5F22EAF2DB0}.Debug|Any CPU.Build.0 = Debug|Any CPU
		{D517DDC0-4562-41C7-B917-E5F22EAF2DB0}.Release|Any CPU.ActiveCfg = Release|Any CPU
		{D517DDC0-4562-41C7-B917-E5F22EAF2DB0}.Release|Any CPU.Build.0 = Release|Any CPU
	EndGlobalSection
	GlobalSection(SolutionProperties) = preSolution
		HideSolutionNode = FALSE
	EndGlobalSection
	GlobalSection(NestedProjects) = preSolution
		{5396E7F1-F913-47C4-B600-6640B4E09992} = {CF56FA58-7758-4159-8AB8-1E8B8024191B}
		{5F6277F6-741D-4CD6-B1C3-8A7A521661C3} = {4DD35FCD-99F3-4640-9B93-4E2E0035577B}
		{AF9437D5-5BEB-4600-A167-92A2F76CC0D6} = {CF56FA58-7758-4159-8AB8-1E8B8024191B}
		{944682E2-821F-4964-BC69-1A45CEBF90E5} = {CF56FA58-7758-4159-8AB8-1E8B8024191B}
		{EDE69F84-02E6-4967-86B3-34EEF2E017CD} = {CF56FA58-7758-4159-8AB8-1E8B8024191B}
		{D517DDC0-4562-41C7-B917-E5F22EAF2DB0} = {BA477979-6F10-4B17-BE92-5DDB34A2CC3A}
	EndGlobalSection
	GlobalSection(ExtensibilityGlobals) = postSolution
		SolutionGuid = {46FC2DCE-C592-4B59-9D8E-01464F5E4808}
	EndGlobalSection
EndGlobal
